{
  "name": "@matchain/ensjs",
  "version": "3.5.0",
  "lockfileVersion": 3,
  "requires": true,
  "packages": {
    "": {
      "name": "@matchain/ensjs",
      "version": "3.5.0",
      "license": "MIT",
      "dependencies": {
        "@adraffy/ens-normalize": "1.9.0",
        "@ensdomains/address-encoder": "1.1.1",
        "@ensdomains/content-hash": "3.1.0-rc.1",
        "@ensdomains/dnsprovejs": "^0.5.1"
      },
      "peerDependencies": {
        "viem": "^2.5.0"
      }
    },
    "node_modules/@adraffy/ens-normalize": {
      "version": "1.9.0",
      "resolved": "https://registry.npmmirror.com/@adraffy/ens-normalize/-/ens-normalize-1.9.0.tgz",
      "integrity": "sha512-iowxq3U30sghZotgl4s/oJRci6WPBfNO5YYgk2cIOMCHr3LeGPcsZjCEr+33Q4N+oV3OABDAtA+pyvWjbvBifQ=="
    },
    "node_modules/@ensdomains/address-encoder": {
      "version": "1.1.1",
      "resolved": "https://registry.npmmirror.com/@ensdomains/address-encoder/-/address-encoder-1.1.1.tgz",
      "integrity": "sha512-yg7s+suCuKRhaGsgLu57W/jxIs/Lnqs/SU7jT7UwS4ATSnW94jbUCbmyyZ82CQwKsmwaUE8uYvvVb4N6lfz29A==",
      "dependencies": {
        "@noble/curves": "^1.2.0",
        "@noble/hashes": "^1.3.2",
        "@scure/base": "^1.1.5"
      }
    },
    "node_modules/@ensdomains/content-hash": {
      "version": "3.1.0-rc.1",
      "resolved": "https://registry.npmmirror.com/@ensdomains/content-hash/-/content-hash-3.1.0-rc.1.tgz",
      "integrity": "sha512-OzdkXgdFmduzcJKU4KRkkJkQHnm5p7m7FkX8k+bHOEoOIzc0ueGT/Jay4nnb60wNk1wSHRmzY+hHBMpFDiGReg==",
      "dependencies": {
        "@ensdomains/address-encoder": "1.0.0-rc.3",
        "@noble/curves": "^1.2.0",
        "@scure/base": "^1.1.5"
      }
    },
    "node_modules/@ensdomains/content-hash/node_modules/@ensdomains/address-encoder": {
      "version": "1.0.0-rc.3",
      "resolved": "https://registry.npmmirror.com/@ensdomains/address-encoder/-/address-encoder-1.0.0-rc.3.tgz",
      "integrity": "sha512-8o6zH69rObIqDY4PusEWuN9jvVOct+9jj9AOPO7ifc3ev8nmsly0e8TE1sHkhk0iKFbd3DlSsUnJ+yuRWmdLCQ==",
      "dependencies": {
        "@noble/curves": "^1.2.0",
        "@noble/hashes": "^1.3.2",
        "@scure/base": "^1.1.5"
      }
    },
    "node_modules/@ensdomains/dnsprovejs": {
      "version": "0.5.1",
      "resolved": "https://registry.npmmirror.com/@ensdomains/dnsprovejs/-/dnsprovejs-0.5.1.tgz",
      "integrity": "sha512-nfm4ggpK5YBVwVwLZKF9WPjRGRTL9aUxX2O4pqv/AnQCz3WeGHsW7VhVFLj2s4EoWSzCXwR1E6nuqgUwnH692w==",
      "dependencies": {
        "@noble/hashes": "^1.3.2",
        "dns-packet": "^5.6.1",
        "typescript-logging": "^1.0.1"
      },
      "engines": {
        "node": ">=16.8"
      }
    },
    "node_modules/@leichtgewicht/ip-codec": {
      "version": "2.0.5",
      "resolved": "https://registry.npmmirror.com/@leichtgewicht/ip-codec/-/ip-codec-2.0.5.tgz",
      "integrity": "sha512-Vo+PSpZG2/fmgmiNzYK9qWRh8h/CHrwD0mo1h1DzL4yzHNSfWYujGTYsWGreD000gcgmZ7K4Ys6Tx9TxtsKdDw=="
    },
    "node_modules/@noble/curves": {
      "version": "1.4.0",
      "resolved": "https://registry.npmmirror.com/@noble/curves/-/curves-1.4.0.tgz",
      "integrity": "sha512-p+4cb332SFCrReJkCYe8Xzm0OWi4Jji5jVdIZRL/PmacmDkFNw6MrrV+gGpiPxLHbV+zKFRywUWbaseT+tZRXg==",
      "dependencies": {
        "@noble/hashes": "1.4.0"
      }
    },
    "node_modules/@noble/hashes": {
      "version": "1.4.0",
      "resolved": "https://registry.npmmirror.com/@noble/hashes/-/hashes-1.4.0.tgz",
      "integrity": "sha512-V1JJ1WTRUqHHrOSh597hURcMqVKVGL/ea3kv0gSnEdsEZ0/+VyPghM1lMNGc00z7CIQorSvbKpuJkxvuHbvdbg==",
      "engines": {
        "node": ">= 16"
      }
    },
    "node_modules/@scure/base": {
      "version": "1.1.6",
      "resolved": "https://registry.npmmirror.com/@scure/base/-/base-1.1.6.tgz",
      "integrity": "sha512-ok9AWwhcgYuGG3Zfhyqg+zwl+Wn5uE+dwC0NV/2qQkx4dABbb/bx96vWu8NSj+BNjjSjno+JRYRjle1jV08k3g=="
    },
    "node_modules/@scure/bip32": {
      "version": "1.3.2",
      "resolved": "https://registry.npmmirror.com/@scure/bip32/-/bip32-1.3.2.tgz",
      "integrity": "sha512-N1ZhksgwD3OBlwTv3R6KFEcPojl/W4ElJOeCZdi+vuI5QmTFwLq3OFf2zd2ROpKvxFdgZ6hUpb0dx9bVNEwYCA==",
      "peer": true,
      "dependencies": {
        "@noble/curves": "~1.2.0",
        "@noble/hashes": "~1.3.2",
        "@scure/base": "~1.1.2"
      }
    },
    "node_modules/@scure/bip32/node_modules/@noble/curves": {
      "version": "1.2.0",
      "resolved": "https://registry.npmmirror.com/@noble/curves/-/curves-1.2.0.tgz",
      "integrity": "sha512-oYclrNgRaM9SsBUBVbb8M6DTV7ZHRTKugureoYEncY5c65HOmRzvSiTE3y5CYaPYJA/GVkrhXEoF0M3Ya9PMnw==",
      "peer": true,
      "dependencies": {
        "@noble/hashes": "1.3.2"
      }
    },
    "node_modules/@scure/bip32/node_modules/@noble/curves/node_modules/@noble/hashes": {
      "version": "1.3.2",
      "resolved": "https://registry.npmmirror.com/@noble/hashes/-/hashes-1.3.2.tgz",
      "integrity": "sha512-MVC8EAQp7MvEcm30KWENFjgR+Mkmf+D189XJTkFIlwohU5hcBbn1ZkKq7KVTi2Hme3PMGF390DaL52beVrIihQ==",
      "peer": true,
      "engines": {
        "node": ">= 16"
      }
    },
    "node_modules/@scure/bip32/node_modules/@noble/hashes": {
      "version": "1.3.3",
      "resolved": "https://registry.npmmirror.com/@noble/hashes/-/hashes-1.3.3.tgz",
      "integrity": "sha512-V7/fPHgl+jsVPXqqeOzT8egNj2iBIVt+ECeMMG8TdcnTikP3oaBtUVqpT/gYCR68aEBJSF+XbYUxStjbFMqIIA==",
      "peer": true,
      "engines": {
        "node": ">= 16"
      }
    },
    "node_modules/@scure/bip39": {
      "version": "1.2.1",
      "resolved": "https://registry.npmmirror.com/@scure/bip39/-/bip39-1.2.1.tgz",
      "integrity": "sha512-Z3/Fsz1yr904dduJD0NpiyRHhRYHdcnyh73FZWiV+/qhWi83wNJ3NWolYqCEN+ZWsUz2TWwajJggcRE9r1zUYg==",
      "peer": true,
      "dependencies": {
        "@noble/hashes": "~1.3.0",
        "@scure/base": "~1.1.0"
      }
    },
    "node_modules/@scure/bip39/node_modules/@noble/hashes": {
      "version": "1.3.3",
      "resolved": "https://registry.npmmirror.com/@noble/hashes/-/hashes-1.3.3.tgz",
      "integrity": "sha512-V7/fPHgl+jsVPXqqeOzT8egNj2iBIVt+ECeMMG8TdcnTikP3oaBtUVqpT/gYCR68aEBJSF+XbYUxStjbFMqIIA==",
      "peer": true,
      "engines": {
        "node": ">= 16"
      }
    },
    "node_modules/abitype": {
      "version": "1.0.0",
      "resolved": "https://registry.npmmirror.com/abitype/-/abitype-1.0.0.tgz",
      "integrity": "sha512-NMeMah//6bJ56H5XRj8QCV4AwuW6hB6zqz2LnhhLdcWVQOsXki6/Pn3APeqxCma62nXIcmZWdu1DlHWS74umVQ==",
      "peer": true,
      "peerDependencies": {
        "typescript": ">=5.0.4",
        "zod": "^3 >=3.22.0"
      },
      "peerDependenciesMeta": {
        "typescript": {
          "optional": true
        },
        "zod": {
          "optional": true
        }
      }
    },
    "node_modules/dns-packet": {
      "version": "5.6.1",
      "resolved": "https://registry.npmmirror.com/dns-packet/-/dns-packet-5.6.1.tgz",
      "integrity": "sha512-l4gcSouhcgIKRvyy99RNVOgxXiicE+2jZoNmaNmZ6JXiGajBOJAesk1OBlJuM5k2c+eudGdLxDqXuPCKIj6kpw==",
      "dependencies": {
        "@leichtgewicht/ip-codec": "^2.0.1"
      },
      "engines": {
        "node": ">=6"
      }
    },
    "node_modules/error-stack-parser": {
      "version": "1.3.6",
      "resolved": "https://registry.npmmirror.com/error-stack-parser/-/error-stack-parser-1.3.6.tgz",
      "integrity": "sha512-xhuSYd8wLgOXwNgjcPeXMPL/IiiA1Huck+OPvClpJViVNNlJVtM41o+1emp7bPvlCJwCatFX2DWc05/DgfbWzA==",
      "dependencies": {
        "stackframe": "^0.3.1"
      }
    },
    "node_modules/isows": {
      "version": "1.0.3",
      "resolved": "https://registry.npmmirror.com/isows/-/isows-1.0.3.tgz",
      "integrity": "sha512-2cKei4vlmg2cxEjm3wVSqn8pcoRF/LX/wpifuuNquFO4SQmPwarClT+SUCA2lt+l581tTeZIPIZuIDo2jWN1fg==",
      "peer": true,
      "peerDependencies": {
        "ws": "*"
      }
    },
    "node_modules/source-map": {
      "version": "0.5.6",
      "resolved": "https://registry.npmmirror.com/source-map/-/source-map-0.5.6.tgz",
      "integrity": "sha512-MjZkVp0NHr5+TPihLcadqnlVoGIoWo4IBHptutGh9wI3ttUYvCG26HkSuDi+K6lsZ25syXJXcctwgyVCt//xqA==",
      "engines": {
        "node": ">=0.10.0"
      }
    },
    "node_modules/stack-generator": {
      "version": "1.1.0",
      "resolved": "https://registry.npmmirror.com/stack-generator/-/stack-generator-1.1.0.tgz",
      "integrity": "sha512-sZDVjwC56vZoo+a5t0LH/1sMQLWYLi/r+Z2ztyCAOhOX3QBP34GWxK0FWf2eU1TIU2CJKCKBAtDZycUh/ZKMlw==",
      "dependencies": {
        "stackframe": "^1.0.2"
      }
    },
    "node_modules/stack-generator/node_modules/stackframe": {
      "version": "1.3.4",
      "resolved": "https://registry.npmmirror.com/stackframe/-/stackframe-1.3.4.tgz",
      "integrity": "sha512-oeVtt7eWQS+Na6F//S4kJ2K2VbRlS9D43mAlMyVpVWovy9o+jfgH8O9agzANzaiLjclA0oYzUXEM4PurhSUChw=="
    },
    "node_modules/stackframe": {
      "version": "0.3.1",
      "resolved": "https://registry.npmmirror.com/stackframe/-/stackframe-0.3.1.tgz",
      "integrity": "sha512-XmoiF4T5nuWEp2x2w92WdGjdHGY/cZa6LIbRsDRQR/Xlk4uW0PAUlH1zJYVffocwKpCdwyuypIp25xsSXEtZHw=="
    },
    "node_modules/stacktrace-gps": {
      "version": "2.4.4",
      "resolved": "https://registry.npmmirror.com/stacktrace-gps/-/stacktrace-gps-2.4.4.tgz",
      "integrity": "sha512-msFhuMEEklQLUtaJ+GeCDjzUN+PamfHWQiK3C1LnbHjoxSeF5dAxiE+aJkptNMmMNOropGFJ7G3ZT7dPZHgDaQ==",
      "dependencies": {
        "source-map": "0.5.6",
        "stackframe": "~0.3"
      }
    },
    "node_modules/stacktrace-js": {
      "version": "1.3.1",
      "resolved": "https://registry.npmmirror.com/stacktrace-js/-/stacktrace-js-1.3.1.tgz",
      "integrity": "sha512-b+5voFnXqg9TWdOE50soXL+WuOreYUm1Ukg9U7rzEWGL4+gcVxIcFasNBtOffVX0I1lYqVZj0PZXZvTt5e3YRQ==",
      "dependencies": {
        "error-stack-parser": "^1.3.6",
        "stack-generator": "^1.0.7",
        "stacktrace-gps": "^2.4.3"
      }
    },
    "node_modules/typescript-logging": {
      "version": "1.0.1",
      "resolved": "https://registry.npmmirror.com/typescript-logging/-/typescript-logging-1.0.1.tgz",
      "integrity": "sha512-zp28ABme0m5q/nXabBaY9Hv/35N8lMH4FsvhpUO0zVi4vFs3uKlb5br2it61HAZF5k+U0aP6E67j0VD0IzXGpQ==",
      "dependencies": {
        "stacktrace-js": "1.3.1"
      }
    },
    "node_modules/viem": {
      "version": "2.9.13",
      "resolved": "https://registry.npmmirror.com/viem/-/viem-2.9.13.tgz",
      "integrity": "sha512-TxNZOWFwr2Pc6CeY4tViFL2NRq9v86HofAPkhBgScP8DUn3EeSbQhmDXbjMZNkZvXoMqWVl0AZM81rEOlaKrbg==",
      "peer": true,
      "dependencies": {
        "@adraffy/ens-normalize": "1.10.0",
        "@noble/curves": "1.2.0",
        "@noble/hashes": "1.3.2",
        "@scure/bip32": "1.3.2",
        "@scure/bip39": "1.2.1",
        "abitype": "1.0.0",
        "isows": "1.0.3",
        "ws": "8.13.0"
      },
      "peerDependencies": {
        "typescript": ">=5.0.4"
      },
      "peerDependenciesMeta": {
        "typescript": {
          "optional": true
        }
      }
    },
    "node_modules/viem/node_modules/@adraffy/ens-normalize": {
      "version": "1.10.0",
      "resolved": "https://registry.npmmirror.com/@adraffy/ens-normalize/-/ens-normalize-1.10.0.tgz",
      "integrity": "sha512-nA9XHtlAkYfJxY7bce8DcN7eKxWWCWkU+1GR9d+U6MbNpfwQp8TI7vqOsBsMcHoT4mBu2kypKoSKnghEzOOq5Q==",
      "peer": true
    },
    "node_modules/viem/node_modules/@noble/curves": {
      "version": "1.2.0",
      "resolved": "https://registry.npmmirror.com/@noble/curves/-/curves-1.2.0.tgz",
      "integrity": "sha512-oYclrNgRaM9SsBUBVbb8M6DTV7ZHRTKugureoYEncY5c65HOmRzvSiTE3y5CYaPYJA/GVkrhXEoF0M3Ya9PMnw==",
      "peer": true,
      "dependencies": {
        "@noble/hashes": "1.3.2"
      }
    },
    "node_modules/viem/node_modules/@noble/hashes": {
      "version": "1.3.2",
      "resolved": "https://registry.npmmirror.com/@noble/hashes/-/hashes-1.3.2.tgz",
      "integrity": "sha512-MVC8EAQp7MvEcm30KWENFjgR+Mkmf+D189XJTkFIlwohU5hcBbn1ZkKq7KVTi2Hme3PMGF390DaL52beVrIihQ==",
      "peer": true,
      "engines": {
        "node": ">= 16"
      }
    },
    "node_modules/ws": {
      "version": "8.13.0",
      "resolved": "https://registry.npmmirror.com/ws/-/ws-8.13.0.tgz",
      "integrity": "sha512-x9vcZYTrFPC7aSIbj7sRCYo7L/Xb8Iy+pW0ng0wt2vCJv7M9HOMy0UoN3rr+IFC7hb7vXoqS+P9ktyLLLhO+LA==",
      "peer": true,
      "engines": {
        "node": ">=10.0.0"
      },
      "peerDependencies": {
        "bufferutil": "^4.0.1",
        "utf-8-validate": ">=5.0.2"
      },
      "peerDependenciesMeta": {
        "bufferutil": {
          "optional": true
        },
        "utf-8-validate": {
          "optional": true
        }
      }
    }
  }
}
